
Microsoft Visual Studio Solution File, Format Version 12.00
# Visual Studio Version 17
VisualStudioVersion = 17.5.33516.290
MinimumVisualStudioVersion = 10.0.40219.1
Project("{FAE04EC0-301F-11D3-BF4B-00C04F79EFBC}") = "PongTut", "pongtut\pongtut.csproj", "{5069C5E0-AABC-484A-84BF-4425E3D3ECA9}"
EndProject
Global
	GlobalSection(SolutionConfigurationPlatforms) = preSolution
		Debug|Any CPU = Debug|Any CPU
		Release|Any CPU = Release|Any CPU
	EndGlobalSection
	GlobalSection(ProjectConfigurationPlatforms) = postSolution
		{5069C5E0-AABC-484A-84BF-4425E3D3ECA9}.Debug|Any CPU.ActiveCfg = Debug|Any CPU
		{5069C5E0-AABC-484A-84BF-4425E3D3ECA9}.Debug|Any CPU.Build.0 = Debug|Any CPU
		{5069C5E0-AABC-484A-84BF-4425E3D3ECA9}.Release|Any CPU.ActiveCfg = Release|Any CPU
		{5069C5E0-AABC-484A-84BF-4425E3D3ECA9}.Release|Any CPU.Build.0 = Release|Any CPU
	EndGlobalSection
	GlobalSection(SolutionProperties) = preSolution
		HideSolutionNode = FALSE
	EndGlobalSection
	GlobalSection(ExtensibilityGlobals) = postSolution
		SolutionGuid = {A65D67E3-2987-426D-87E9-AA27F4F17543}
	EndGlobalSection
EndGlobal
